
Microsoft Visual Studio Solution File, Format Version 12.00
# Visual Studio Version 17
VisualStudioVersion = 17.4.33205.214
MinimumVisualStudioVersion = 10.0.40219.1
Project("{FAE04EC0-301F-11D3-BF4B-00C04F79EFBC}") = "UserManagement.Api", "UserManagement.Api\UserManagement.Api.csproj", "{8222F299-0C6C-4C2D-BD65-B6FE16A9E06A}"
EndProject
Project("{FAE04EC0-301F-11D3-BF4B-00C04F79EFBC}") = "UserManagement.Data", "UserManagement.Data\UserManagement.Data.csproj", "{A881D105-62AC-476E-B947-7A5C8802A934}"
EndProject
Global
	GlobalSection(SolutionConfigurationPlatforms) = preSolution
		Debug|Any CPU = Debug|Any CPU
		Release|Any CPU = Release|Any CPU
	EndGlobalSection
	GlobalSection(ProjectConfigurationPlatforms) = postSolution
		{8222F299-0C6C-4C2D-BD65-B6FE16A9E06A}.Debug|Any CPU.ActiveCfg = Debug|Any CPU
		{8222F299-0C6C-4C2D-BD65-B6FE16A9E06A}.Debug|Any CPU.Build.0 = Debug|Any CPU
		{8222F299-0C6C-4C2D-BD65-B6FE16A9E06A}.Release|Any CPU.ActiveCfg = Release|Any CPU
		{8222F299-0C6C-4C2D-BD65-B6FE16A9E06A}.Release|Any CPU.Build.0 = Release|Any CPU
		{A881D105-62AC-476E-B947-7A5C8802A934}.Debug|Any CPU.ActiveCfg = Debug|Any CPU
		{A881D105-62AC-476E-B947-7A5C8802A934}.Debug|Any CPU.Build.0 = Debug|Any CPU
		{A881D105-62AC-476E-B947-7A5C8802A934}.Release|Any CPU.ActiveCfg = Release|Any CPU
		{A881D105-62AC-476E-B947-7A5C8802A934}.Release|Any CPU.Build.0 = Release|Any CPU
	EndGlobalSection
	GlobalSection(SolutionProperties) = preSolution
		HideSolutionNode = FALSE
	EndGlobalSection
	GlobalSection(ExtensibilityGlobals) = postSolution
		SolutionGuid = {767954BA-74CD-460C-9A16-9217DAE4184F}
	EndGlobalSection
EndGlobal
